
Microsoft Visual Studio Solution File, Format Version 12.00
# Visual Studio Version 17
VisualStudioVersion = 17.6.33723.286
MinimumVisualStudioVersion = 10.0.40219.1
Project("{FAE04EC0-301F-11D3-BF4B-00C04F79EFBC}") = "DemoDeployApi", "DemoDeployApi.csproj", "{1742B1A5-9DB1-49A7-9AEE-A24CBDD0C674}"
EndProject
Global
	GlobalSection(SolutionConfigurationPlatforms) = preSolution
		Debug|Any CPU = Debug|Any CPU
		Release|Any CPU = Release|Any CPU
	EndGlobalSection
	GlobalSection(ProjectConfigurationPlatforms) = postSolution
		{1742B1A5-9DB1-49A7-9AEE-A24CBDD0C674}.Debug|Any CPU.ActiveCfg = Debug|Any CPU
		{1742B1A5-9DB1-49A7-9AEE-A24CBDD0C674}.Debug|Any CPU.Build.0 = Debug|Any CPU
		{1742B1A5-9DB1-49A7-9AEE-A24CBDD0C674}.Release|Any CPU.ActiveCfg = Release|Any CPU
		{1742B1A5-9DB1-49A7-9AEE-A24CBDD0C674}.Release|Any CPU.Build.0 = Release|Any CPU
	EndGlobalSection
	GlobalSection(SolutionProperties) = preSolution
		HideSolutionNode = FALSE
	EndGlobalSection
	GlobalSection(ExtensibilityGlobals) = postSolution
		SolutionGuid = {F123963D-C7D2-406A-9B58-1F24E5B8EBBA}
	EndGlobalSection
EndGlobal
